
Microsoft Visual Studio Solution File, Format Version 12.00
# Visual Studio Version 17
VisualStudioVersion = 17.4.33213.308
MinimumVisualStudioVersion = 10.0.40219.1
Project("{FAE04EC0-301F-11D3-BF4B-00C04F79EFBC}") = "ejercicio de tarea2", "ejercicio de tarea2\ejercicio de tarea2.csproj", "{B7101C0F-470B-4184-9CF0-50501A130BCB}"
EndProject
Global
	GlobalSection(SolutionConfigurationPlatforms) = preSolution
		Debug|Any CPU = Debug|Any CPU
		Release|Any CPU = Release|Any CPU
	EndGlobalSection
	GlobalSection(ProjectConfigurationPlatforms) = postSolution
		{B7101C0F-470B-4184-9CF0-50501A130BCB}.Debug|Any CPU.ActiveCfg = Debug|Any CPU
		{B7101C0F-470B-4184-9CF0-50501A130BCB}.Debug|Any CPU.Build.0 = Debug|Any CPU
		{B7101C0F-470B-4184-9CF0-50501A130BCB}.Release|Any CPU.ActiveCfg = Release|Any CPU
		{B7101C0F-470B-4184-9CF0-50501A130BCB}.Release|Any CPU.Build.0 = Release|Any CPU
	EndGlobalSection
	GlobalSection(SolutionProperties) = preSolution
		HideSolutionNode = FALSE
	EndGlobalSection
	GlobalSection(ExtensibilityGlobals) = postSolution
		SolutionGuid = {B2258254-85ED-489B-B4EF-9308C4811E24}
	EndGlobalSection
EndGlobal
